
Microsoft Visual Studio Solution File, Format Version 12.00
# Visual Studio Version 17
VisualStudioVersion = 17.10.35004.147
MinimumVisualStudioVersion = 10.0.40219.1
Project("{2150E333-8FDC-42A3-9474-1A3956D46DE8}") = "Product", "Product", "{B21AB5C1-B8AB-43D9-BF01-D13398E7701B}"
EndProject
Project("{FAE04EC0-301F-11D3-BF4B-00C04F79EFBC}") = "Product.Api", "Product\Product.Api\Product.Api.csproj", "{5A14F88A-5E31-4EC6-BB38-554CD0720C18}"
EndProject
Project("{FAE04EC0-301F-11D3-BF4B-00C04F79EFBC}") = "Product.Domain", "Product\Product.Domain\Product.Domain.csproj", "{F3C0C644-2C4F-4AA9-9FB9-5F6C479C49EE}"
EndProject
Project("{FAE04EC0-301F-11D3-BF4B-00C04F79EFBC}") = "Product.Application", "Product\Product.Application\Product.Application.csproj", "{72157E32-F56D-4287-B4B5-D4AF5E67F51A}"
EndProject
Project("{FAE04EC0-301F-11D3-BF4B-00C04F79EFBC}") = "Product.Infrastructure", "Product\Product.Infrastructure\Product.Infrastructure.csproj", "{BB585C7A-22A8-4607-80C3-51B2288F5CBC}"
EndProject
Global
	GlobalSection(SolutionConfigurationPlatforms) = preSolution
		Debug|Any CPU = Debug|Any CPU
		Release|Any CPU = Release|Any CPU
	EndGlobalSection
	GlobalSection(ProjectConfigurationPlatforms) = postSolution
		{5A14F88A-5E31-4EC6-BB38-554CD0720C18}.Debug|Any CPU.ActiveCfg = Debug|Any CPU
		{5A14F88A-5E31-4EC6-BB38-554CD0720C18}.Debug|Any CPU.Build.0 = Debug|Any CPU
		{5A14F88A-5E31-4EC6-BB38-554CD0720C18}.Release|Any CPU.ActiveCfg = Release|Any CPU
		{5A14F88A-5E31-4EC6-BB38-554CD0720C18}.Release|Any CPU.Build.0 = Release|Any CPU
		{F3C0C644-2C4F-4AA9-9FB9-5F6C479C49EE}.Debug|Any CPU.ActiveCfg = Debug|Any CPU
		{F3C0C644-2C4F-4AA9-9FB9-5F6C479C49EE}.Debug|Any CPU.Build.0 = Debug|Any CPU
		{F3C0C644-2C4F-4AA9-9FB9-5F6C479C49EE}.Release|Any CPU.ActiveCfg = Release|Any CPU
		{F3C0C644-2C4F-4AA9-9FB9-5F6C479C49EE}.Release|Any CPU.Build.0 = Release|Any CPU
		{72157E32-F56D-4287-B4B5-D4AF5E67F51A}.Debug|Any CPU.ActiveCfg = Debug|Any CPU
		{72157E32-F56D-4287-B4B5-D4AF5E67F51A}.Debug|Any CPU.Build.0 = Debug|Any CPU
		{72157E32-F56D-4287-B4B5-D4AF5E67F51A}.Release|Any CPU.ActiveCfg = Release|Any CPU
		{72157E32-F56D-4287-B4B5-D4AF5E67F51A}.Release|Any CPU.Build.0 = Release|Any CPU
		{BB585C7A-22A8-4607-80C3-51B2288F5CBC}.Debug|Any CPU.ActiveCfg = Debug|Any CPU
		{BB585C7A-22A8-4607-80C3-51B2288F5CBC}.Debug|Any CPU.Build.0 = Debug|Any CPU
		{BB585C7A-22A8-4607-80C3-51B2288F5CBC}.Release|Any CPU.ActiveCfg = Release|Any CPU
		{BB585C7A-22A8-4607-80C3-51B2288F5CBC}.Release|Any CPU.Build.0 = Release|Any CPU
	EndGlobalSection
	GlobalSection(SolutionProperties) = preSolution
		HideSolutionNode = FALSE
	EndGlobalSection
	GlobalSection(NestedProjects) = preSolution
		{5A14F88A-5E31-4EC6-BB38-554CD0720C18} = {B21AB5C1-B8AB-43D9-BF01-D13398E7701B}
		{F3C0C644-2C4F-4AA9-9FB9-5F6C479C49EE} = {B21AB5C1-B8AB-43D9-BF01-D13398E7701B}
		{72157E32-F56D-4287-B4B5-D4AF5E67F51A} = {B21AB5C1-B8AB-43D9-BF01-D13398E7701B}
		{BB585C7A-22A8-4607-80C3-51B2288F5CBC} = {B21AB5C1-B8AB-43D9-BF01-D13398E7701B}
	EndGlobalSection
	GlobalSection(ExtensibilityGlobals) = postSolution
		SolutionGuid = {69830F42-21F4-44F3-815F-DF5CEDAE592D}
	EndGlobalSection
EndGlobal
