
Microsoft Visual Studio Solution File, Format Version 12.00
# Visual Studio Version 17
VisualStudioVersion = 17.10.35004.147
MinimumVisualStudioVersion = 10.0.40219.1
Project("{2150E333-8FDC-42A3-9474-1A3956D46DE8}") = "Product", "Product", "{B21AB5C1-B8AB-43D9-BF01-D13398E7701B}"
EndProject
Project("{9A19103F-16F7-4668-BE54-9A1E7A4F7556}") = "Product.Api", "Product\Product.Api\Product.Api.csproj", "{5A14F88A-5E31-4EC6-BB38-554CD0720C18}"
EndProject
Project("{9A19103F-16F7-4668-BE54-9A1E7A4F7556}") = "Product.Domain", "Product\Product.Domain\Product.Domain.csproj", "{F3C0C644-2C4F-4AA9-9FB9-5F6C479C49EE}"
EndProject
Project("{9A19103F-16F7-4668-BE54-9A1E7A4F7556}") = "Product.Infrastructure", "Product\Product.Infrastructure\Product.Infrastructure.csproj", "{BB585C7A-22A8-4607-80C3-51B2288F5CBC}"
EndProject
Project("{2150E333-8FDC-42A3-9474-1A3956D46DE8}") = "Basket", "Basket", "{8A4A4C97-1EA1-4624-B861-97556363CD0A}"
EndProject
Project("{9A19103F-16F7-4668-BE54-9A1E7A4F7556}") = "Basket.Api", "Basket\Basket.Api\Basket.Api.csproj", "{550FCD89-A6E3-417B-BA54-D5901D115483}"
EndProject
Project("{9A19103F-16F7-4668-BE54-9A1E7A4F7556}") = "Basket.Domain", "Basket\Basket.Domain\Basket.Domain.csproj", "{837AAFE1-9666-4105-8F74-C92091FE5BCD}"
EndProject
Project("{9A19103F-16F7-4668-BE54-9A1E7A4F7556}") = "Basket.Infrastructure", "Basket\Basket.Infrastructure\Basket.Infrastructure.csproj", "{E9E66185-1532-43F0-9E95-E41219043896}"
EndProject
Project("{2150E333-8FDC-42A3-9474-1A3956D46DE8}") = "Order", "Order", "{289CDBB2-5316-4B1F-8669-97BE5FDA2172}"
EndProject
Project("{9A19103F-16F7-4668-BE54-9A1E7A4F7556}") = "Order.Api", "Order\Order.Api\Order.Api.csproj", "{B91C9B95-B695-4306-8C7E-28EB42AAE705}"
EndProject
Project("{9A19103F-16F7-4668-BE54-9A1E7A4F7556}") = "Order.Infrastructure", "Order\Order.Infrastructure\Order.Infrastructure.csproj", "{7432D7D8-D483-4397-9E13-1842179A3DC7}"
EndProject
Project("{9A19103F-16F7-4668-BE54-9A1E7A4F7556}") = "Order.Domain", "Order\Order.Domain\Order.Domain.csproj", "{4C60724D-6584-4C71-8080-27A29B0093A9}"
EndProject
Project("{2150E333-8FDC-42A3-9474-1A3956D46DE8}") = "Identity", "Identity", "{B8ABE7EC-7066-4901-953E-188A9B21A5E0}"
EndProject
Project("{9A19103F-16F7-4668-BE54-9A1E7A4F7556}") = "Identity.Api", "Identity\Identity.Api\Identity.Api.csproj", "{4E7CD834-A636-4F0F-A0A9-C755C6EE05DB}"
EndProject
Project("{9A19103F-16F7-4668-BE54-9A1E7A4F7556}") = "Identity.Domain", "Identity\Identity.Domain\Identity.Domain.csproj", "{E27EC220-019E-41DA-BFAC-E765C622B7EA}"
EndProject
Project("{9A19103F-16F7-4668-BE54-9A1E7A4F7556}") = "Identity.Infrastructure", "Identity\Identity.Infrastructure\Identity.Infrastructure.csproj", "{3EE10A1A-2066-46A4-99A7-9467AA6D096E}"
EndProject
Project("{2150E333-8FDC-42A3-9474-1A3956D46DE8}") = "Notification", "Notification", "{EE9E7DEA-6CB4-4DCE-B088-05F6F73FBD06}"
EndProject
Project("{9A19103F-16F7-4668-BE54-9A1E7A4F7556}") = "Notification.Domain", "Notification\Notification.Domain\Notification.Domain.csproj", "{5EB13EFA-3FB3-4304-8824-09EAECE0BC26}"
EndProject
Project("{9A19103F-16F7-4668-BE54-9A1E7A4F7556}") = "Notification.Api", "Notification\Notification.Api\Notification.Api.csproj", "{D773D8F4-EF2B-4479-88C5-B97E5B8FD0C2}"
EndProject
Project("{9A19103F-16F7-4668-BE54-9A1E7A4F7556}") = "Notification.Application", "Notification\Notification.Application\Notification.Application.csproj", "{9678D032-AE5A-42D2-A6E6-B63F0CA1860B}"
EndProject
Project("{9A19103F-16F7-4668-BE54-9A1E7A4F7556}") = "Notification.Infrastructure", "Notification\Notification.Infrastructure\Notification.Infrastructure.csproj", "{B1F0065B-0440-4373-A6DF-B583E4CDD1EE}"
EndProject
Project("{2150E333-8FDC-42A3-9474-1A3956D46DE8}") = "Store", "Store", "{2492C332-28F8-416E-8348-0772D8D28588}"
EndProject
Project("{9A19103F-16F7-4668-BE54-9A1E7A4F7556}") = "Store.Api", "Store\Store.Api\Store.Api.csproj", "{57822C74-3217-4730-8099-3AD504AD8F07}"
EndProject
Project("{9A19103F-16F7-4668-BE54-9A1E7A4F7556}") = "Store.Domain", "Store\Store.Domain\Store.Domain.csproj", "{5645AE18-A466-41B6-9098-1F6DCE2D14EE}"
EndProject
Project("{9A19103F-16F7-4668-BE54-9A1E7A4F7556}") = "Store.Infrastructure", "Store\Store.Infrastructure\Store.Infrastructure.csproj", "{2B52E79C-79E4-47C1-911C-E7E38A7F2AFB}"
EndProject
Project("{2150E333-8FDC-42A3-9474-1A3956D46DE8}") = "ApiGateway", "ApiGateway", "{F0387D6D-0FDD-448F-A662-C25BDB2B4E55}"
EndProject
Project("{9A19103F-16F7-4668-BE54-9A1E7A4F7556}") = "ApiGateway.ocelot", "ApiGateway\ApiGateway.ocelot\ApiGateway.ocelot.csproj", "{BA8D121C-A073-4811-BCAC-0AA1D4DCBB57}"
EndProject
Project("{E53339B2-1760-4266-BCC7-CA923CBCF16C}") = "docker-compose", "docker-compose.dcproj", "{41592DBC-0BA3-4E6A-BCB7-413DC64637CE}"
EndProject
Project("{9A19103F-16F7-4668-BE54-9A1E7A4F7556}") = "Product.Worker", "Product\Product.Worker\Product.Worker.csproj", "{B9E02C7C-621C-4F88-8BA3-56AB9815A6F3}"
EndProject
Project("{2150E333-8FDC-42A3-9474-1A3956D46DE8}") = "Common", "Common", "{BA5611DF-00D4-4A59-9C77-376030AF75DC}"
EndProject
Project("{9A19103F-16F7-4668-BE54-9A1E7A4F7556}") = "Common.Api", "Common\Common.Api\Common.Api.csproj", "{F5579A2F-C531-474A-BF92-BE19DF473FDA}"
EndProject
Project("{9A19103F-16F7-4668-BE54-9A1E7A4F7556}") = "Common.Domain", "Common\Common.Domain\Common.Domain.csproj", "{C276F961-4120-400F-AB19-14D7B376B461}"
EndProject
Project("{9A19103F-16F7-4668-BE54-9A1E7A4F7556}") = "Common.Infrastructure", "Common\Common.Infrastructure\Common.Infrastructure.csproj", "{68C97526-1D98-4037-89E6-81C3DEEC3894}"
EndProject
Project("{9A19103F-16F7-4668-BE54-9A1E7A4F7556}") = "Store.Worker", "Store\Store.Worker\Store.Worker.csproj", "{DC421DA9-0154-4372-8E6A-995658C20885}"
EndProject
Project("{2150E333-8FDC-42A3-9474-1A3956D46DE8}") = "Contracts", "Contracts", "{190C95F0-0ACE-4EBA-B853-30B424FB516F}"
EndProject
Project("{9A19103F-16F7-4668-BE54-9A1E7A4F7556}") = "Contracts", "Contracts\Contracts\Contracts.csproj", "{493D1BE7-EF77-44F6-89FE-767F8D673A0F}"
EndProject
Project("{9A19103F-16F7-4668-BE54-9A1E7A4F7556}") = "Basket.Worker", "Basket\Basket.Worker\Basket.Worker.csproj", "{C59FB50F-D2EE-4AD7-B054-B1A9A9623C9B}"
EndProject
Project("{FAE04EC0-301F-11D3-BF4B-00C04F79EFBC}") = "Order.Worker", "Order\Order.Worker\Order.Worker.csproj", "{24DE89F9-FBA5-41E0-AC00-374386694E04}"
EndProject
Project("{FAE04EC0-301F-11D3-BF4B-00C04F79EFBC}") = "Identity.Worker", "Identity\Identity.Worker\Identity.Worker.csproj", "{18508620-D3FB-42B2-8591-74C6E4F9F70D}"
EndProject
Global
	GlobalSection(SolutionConfigurationPlatforms) = preSolution
		Debug|Any CPU = Debug|Any CPU
		Release|Any CPU = Release|Any CPU
	EndGlobalSection
	GlobalSection(ProjectConfigurationPlatforms) = postSolution
		{5A14F88A-5E31-4EC6-BB38-554CD0720C18}.Debug|Any CPU.ActiveCfg = Debug|Any CPU
		{5A14F88A-5E31-4EC6-BB38-554CD0720C18}.Debug|Any CPU.Build.0 = Debug|Any CPU
		{5A14F88A-5E31-4EC6-BB38-554CD0720C18}.Release|Any CPU.ActiveCfg = Release|Any CPU
		{5A14F88A-5E31-4EC6-BB38-554CD0720C18}.Release|Any CPU.Build.0 = Release|Any CPU
		{F3C0C644-2C4F-4AA9-9FB9-5F6C479C49EE}.Debug|Any CPU.ActiveCfg = Debug|Any CPU
		{F3C0C644-2C4F-4AA9-9FB9-5F6C479C49EE}.Debug|Any CPU.Build.0 = Debug|Any CPU
		{F3C0C644-2C4F-4AA9-9FB9-5F6C479C49EE}.Release|Any CPU.ActiveCfg = Release|Any CPU
		{F3C0C644-2C4F-4AA9-9FB9-5F6C479C49EE}.Release|Any CPU.Build.0 = Release|Any CPU
		{BB585C7A-22A8-4607-80C3-51B2288F5CBC}.Debug|Any CPU.ActiveCfg = Debug|Any CPU
		{BB585C7A-22A8-4607-80C3-51B2288F5CBC}.Debug|Any CPU.Build.0 = Debug|Any CPU
		{BB585C7A-22A8-4607-80C3-51B2288F5CBC}.Release|Any CPU.ActiveCfg = Release|Any CPU
		{BB585C7A-22A8-4607-80C3-51B2288F5CBC}.Release|Any CPU.Build.0 = Release|Any CPU
		{550FCD89-A6E3-417B-BA54-D5901D115483}.Debug|Any CPU.ActiveCfg = Debug|Any CPU
		{550FCD89-A6E3-417B-BA54-D5901D115483}.Debug|Any CPU.Build.0 = Debug|Any CPU
		{550FCD89-A6E3-417B-BA54-D5901D115483}.Release|Any CPU.ActiveCfg = Release|Any CPU
		{550FCD89-A6E3-417B-BA54-D5901D115483}.Release|Any CPU.Build.0 = Release|Any CPU
		{837AAFE1-9666-4105-8F74-C92091FE5BCD}.Debug|Any CPU.ActiveCfg = Debug|Any CPU
		{837AAFE1-9666-4105-8F74-C92091FE5BCD}.Debug|Any CPU.Build.0 = Debug|Any CPU
		{837AAFE1-9666-4105-8F74-C92091FE5BCD}.Release|Any CPU.ActiveCfg = Release|Any CPU
		{837AAFE1-9666-4105-8F74-C92091FE5BCD}.Release|Any CPU.Build.0 = Release|Any CPU
		{E9E66185-1532-43F0-9E95-E41219043896}.Debug|Any CPU.ActiveCfg = Debug|Any CPU
		{E9E66185-1532-43F0-9E95-E41219043896}.Debug|Any CPU.Build.0 = Debug|Any CPU
		{E9E66185-1532-43F0-9E95-E41219043896}.Release|Any CPU.ActiveCfg = Release|Any CPU
		{E9E66185-1532-43F0-9E95-E41219043896}.Release|Any CPU.Build.0 = Release|Any CPU
		{B91C9B95-B695-4306-8C7E-28EB42AAE705}.Debug|Any CPU.ActiveCfg = Debug|Any CPU
		{B91C9B95-B695-4306-8C7E-28EB42AAE705}.Debug|Any CPU.Build.0 = Debug|Any CPU
		{B91C9B95-B695-4306-8C7E-28EB42AAE705}.Release|Any CPU.ActiveCfg = Release|Any CPU
		{B91C9B95-B695-4306-8C7E-28EB42AAE705}.Release|Any CPU.Build.0 = Release|Any CPU
		{7432D7D8-D483-4397-9E13-1842179A3DC7}.Debug|Any CPU.ActiveCfg = Debug|Any CPU
		{7432D7D8-D483-4397-9E13-1842179A3DC7}.Debug|Any CPU.Build.0 = Debug|Any CPU
		{7432D7D8-D483-4397-9E13-1842179A3DC7}.Release|Any CPU.ActiveCfg = Release|Any CPU
		{7432D7D8-D483-4397-9E13-1842179A3DC7}.Release|Any CPU.Build.0 = Release|Any CPU
		{4C60724D-6584-4C71-8080-27A29B0093A9}.Debug|Any CPU.ActiveCfg = Debug|Any CPU
		{4C60724D-6584-4C71-8080-27A29B0093A9}.Debug|Any CPU.Build.0 = Debug|Any CPU
		{4C60724D-6584-4C71-8080-27A29B0093A9}.Release|Any CPU.ActiveCfg = Release|Any CPU
		{4C60724D-6584-4C71-8080-27A29B0093A9}.Release|Any CPU.Build.0 = Release|Any CPU
		{4E7CD834-A636-4F0F-A0A9-C755C6EE05DB}.Debug|Any CPU.ActiveCfg = Debug|Any CPU
		{4E7CD834-A636-4F0F-A0A9-C755C6EE05DB}.Debug|Any CPU.Build.0 = Debug|Any CPU
		{4E7CD834-A636-4F0F-A0A9-C755C6EE05DB}.Release|Any CPU.ActiveCfg = Release|Any CPU
		{4E7CD834-A636-4F0F-A0A9-C755C6EE05DB}.Release|Any CPU.Build.0 = Release|Any CPU
		{E27EC220-019E-41DA-BFAC-E765C622B7EA}.Debug|Any CPU.ActiveCfg = Debug|Any CPU
		{E27EC220-019E-41DA-BFAC-E765C622B7EA}.Debug|Any CPU.Build.0 = Debug|Any CPU
		{E27EC220-019E-41DA-BFAC-E765C622B7EA}.Release|Any CPU.ActiveCfg = Release|Any CPU
		{E27EC220-019E-41DA-BFAC-E765C622B7EA}.Release|Any CPU.Build.0 = Release|Any CPU
		{3EE10A1A-2066-46A4-99A7-9467AA6D096E}.Debug|Any CPU.ActiveCfg = Debug|Any CPU
		{3EE10A1A-2066-46A4-99A7-9467AA6D096E}.Debug|Any CPU.Build.0 = Debug|Any CPU
		{3EE10A1A-2066-46A4-99A7-9467AA6D096E}.Release|Any CPU.ActiveCfg = Release|Any CPU
		{3EE10A1A-2066-46A4-99A7-9467AA6D096E}.Release|Any CPU.Build.0 = Release|Any CPU
		{5EB13EFA-3FB3-4304-8824-09EAECE0BC26}.Debug|Any CPU.ActiveCfg = Debug|Any CPU
		{5EB13EFA-3FB3-4304-8824-09EAECE0BC26}.Debug|Any CPU.Build.0 = Debug|Any CPU
		{5EB13EFA-3FB3-4304-8824-09EAECE0BC26}.Release|Any CPU.ActiveCfg = Release|Any CPU
		{5EB13EFA-3FB3-4304-8824-09EAECE0BC26}.Release|Any CPU.Build.0 = Release|Any CPU
		{D773D8F4-EF2B-4479-88C5-B97E5B8FD0C2}.Debug|Any CPU.ActiveCfg = Debug|Any CPU
		{D773D8F4-EF2B-4479-88C5-B97E5B8FD0C2}.Debug|Any CPU.Build.0 = Debug|Any CPU
		{D773D8F4-EF2B-4479-88C5-B97E5B8FD0C2}.Release|Any CPU.ActiveCfg = Release|Any CPU
		{D773D8F4-EF2B-4479-88C5-B97E5B8FD0C2}.Release|Any CPU.Build.0 = Release|Any CPU
		{9678D032-AE5A-42D2-A6E6-B63F0CA1860B}.Debug|Any CPU.ActiveCfg = Debug|Any CPU
		{9678D032-AE5A-42D2-A6E6-B63F0CA1860B}.Debug|Any CPU.Build.0 = Debug|Any CPU
		{9678D032-AE5A-42D2-A6E6-B63F0CA1860B}.Release|Any CPU.ActiveCfg = Release|Any CPU
		{9678D032-AE5A-42D2-A6E6-B63F0CA1860B}.Release|Any CPU.Build.0 = Release|Any CPU
		{B1F0065B-0440-4373-A6DF-B583E4CDD1EE}.Debug|Any CPU.ActiveCfg = Debug|Any CPU
		{B1F0065B-0440-4373-A6DF-B583E4CDD1EE}.Debug|Any CPU.Build.0 = Debug|Any CPU
		{B1F0065B-0440-4373-A6DF-B583E4CDD1EE}.Release|Any CPU.ActiveCfg = Release|Any CPU
		{B1F0065B-0440-4373-A6DF-B583E4CDD1EE}.Release|Any CPU.Build.0 = Release|Any CPU
		{57822C74-3217-4730-8099-3AD504AD8F07}.Debug|Any CPU.ActiveCfg = Debug|Any CPU
		{57822C74-3217-4730-8099-3AD504AD8F07}.Debug|Any CPU.Build.0 = Debug|Any CPU
		{57822C74-3217-4730-8099-3AD504AD8F07}.Release|Any CPU.ActiveCfg = Release|Any CPU
		{57822C74-3217-4730-8099-3AD504AD8F07}.Release|Any CPU.Build.0 = Release|Any CPU
		{5645AE18-A466-41B6-9098-1F6DCE2D14EE}.Debug|Any CPU.ActiveCfg = Debug|Any CPU
		{5645AE18-A466-41B6-9098-1F6DCE2D14EE}.Debug|Any CPU.Build.0 = Debug|Any CPU
		{5645AE18-A466-41B6-9098-1F6DCE2D14EE}.Release|Any CPU.ActiveCfg = Release|Any CPU
		{5645AE18-A466-41B6-9098-1F6DCE2D14EE}.Release|Any CPU.Build.0 = Release|Any CPU
		{2B52E79C-79E4-47C1-911C-E7E38A7F2AFB}.Debug|Any CPU.ActiveCfg = Debug|Any CPU
		{2B52E79C-79E4-47C1-911C-E7E38A7F2AFB}.Debug|Any CPU.Build.0 = Debug|Any CPU
		{2B52E79C-79E4-47C1-911C-E7E38A7F2AFB}.Release|Any CPU.ActiveCfg = Release|Any CPU
		{2B52E79C-79E4-47C1-911C-E7E38A7F2AFB}.Release|Any CPU.Build.0 = Release|Any CPU
		{BA8D121C-A073-4811-BCAC-0AA1D4DCBB57}.Debug|Any CPU.ActiveCfg = Debug|Any CPU
		{BA8D121C-A073-4811-BCAC-0AA1D4DCBB57}.Debug|Any CPU.Build.0 = Debug|Any CPU
		{BA8D121C-A073-4811-BCAC-0AA1D4DCBB57}.Release|Any CPU.ActiveCfg = Release|Any CPU
		{BA8D121C-A073-4811-BCAC-0AA1D4DCBB57}.Release|Any CPU.Build.0 = Release|Any CPU
		{41592DBC-0BA3-4E6A-BCB7-413DC64637CE}.Debug|Any CPU.ActiveCfg = Debug|Any CPU
		{41592DBC-0BA3-4E6A-BCB7-413DC64637CE}.Debug|Any CPU.Build.0 = Debug|Any CPU
		{41592DBC-0BA3-4E6A-BCB7-413DC64637CE}.Release|Any CPU.ActiveCfg = Release|Any CPU
		{41592DBC-0BA3-4E6A-BCB7-413DC64637CE}.Release|Any CPU.Build.0 = Release|Any CPU
		{B9E02C7C-621C-4F88-8BA3-56AB9815A6F3}.Debug|Any CPU.ActiveCfg = Debug|Any CPU
		{B9E02C7C-621C-4F88-8BA3-56AB9815A6F3}.Debug|Any CPU.Build.0 = Debug|Any CPU
		{B9E02C7C-621C-4F88-8BA3-56AB9815A6F3}.Release|Any CPU.ActiveCfg = Release|Any CPU
		{B9E02C7C-621C-4F88-8BA3-56AB9815A6F3}.Release|Any CPU.Build.0 = Release|Any CPU
		{F5579A2F-C531-474A-BF92-BE19DF473FDA}.Debug|Any CPU.ActiveCfg = Debug|Any CPU
		{F5579A2F-C531-474A-BF92-BE19DF473FDA}.Debug|Any CPU.Build.0 = Debug|Any CPU
		{F5579A2F-C531-474A-BF92-BE19DF473FDA}.Release|Any CPU.ActiveCfg = Release|Any CPU
		{F5579A2F-C531-474A-BF92-BE19DF473FDA}.Release|Any CPU.Build.0 = Release|Any CPU
		{C276F961-4120-400F-AB19-14D7B376B461}.Debug|Any CPU.ActiveCfg = Debug|Any CPU
		{C276F961-4120-400F-AB19-14D7B376B461}.Debug|Any CPU.Build.0 = Debug|Any CPU
		{C276F961-4120-400F-AB19-14D7B376B461}.Release|Any CPU.ActiveCfg = Release|Any CPU
		{C276F961-4120-400F-AB19-14D7B376B461}.Release|Any CPU.Build.0 = Release|Any CPU
		{68C97526-1D98-4037-89E6-81C3DEEC3894}.Debug|Any CPU.ActiveCfg = Debug|Any CPU
		{68C97526-1D98-4037-89E6-81C3DEEC3894}.Debug|Any CPU.Build.0 = Debug|Any CPU
		{68C97526-1D98-4037-89E6-81C3DEEC3894}.Release|Any CPU.ActiveCfg = Release|Any CPU
		{68C97526-1D98-4037-89E6-81C3DEEC3894}.Release|Any CPU.Build.0 = Release|Any CPU
		{DC421DA9-0154-4372-8E6A-995658C20885}.Debug|Any CPU.ActiveCfg = Debug|Any CPU
		{DC421DA9-0154-4372-8E6A-995658C20885}.Debug|Any CPU.Build.0 = Debug|Any CPU
		{DC421DA9-0154-4372-8E6A-995658C20885}.Release|Any CPU.ActiveCfg = Release|Any CPU
		{DC421DA9-0154-4372-8E6A-995658C20885}.Release|Any CPU.Build.0 = Release|Any CPU
		{493D1BE7-EF77-44F6-89FE-767F8D673A0F}.Debug|Any CPU.ActiveCfg = Debug|Any CPU
		{493D1BE7-EF77-44F6-89FE-767F8D673A0F}.Debug|Any CPU.Build.0 = Debug|Any CPU
		{493D1BE7-EF77-44F6-89FE-767F8D673A0F}.Release|Any CPU.ActiveCfg = Release|Any CPU
		{493D1BE7-EF77-44F6-89FE-767F8D673A0F}.Release|Any CPU.Build.0 = Release|Any CPU
		{C59FB50F-D2EE-4AD7-B054-B1A9A9623C9B}.Debug|Any CPU.ActiveCfg = Debug|Any CPU
		{C59FB50F-D2EE-4AD7-B054-B1A9A9623C9B}.Debug|Any CPU.Build.0 = Debug|Any CPU
		{C59FB50F-D2EE-4AD7-B054-B1A9A9623C9B}.Release|Any CPU.ActiveCfg = Release|Any CPU
		{C59FB50F-D2EE-4AD7-B054-B1A9A9623C9B}.Release|Any CPU.Build.0 = Release|Any CPU
		{24DE89F9-FBA5-41E0-AC00-374386694E04}.Debug|Any CPU.ActiveCfg = Debug|Any CPU
		{24DE89F9-FBA5-41E0-AC00-374386694E04}.Debug|Any CPU.Build.0 = Debug|Any CPU
		{24DE89F9-FBA5-41E0-AC00-374386694E04}.Release|Any CPU.ActiveCfg = Release|Any CPU
		{24DE89F9-FBA5-41E0-AC00-374386694E04}.Release|Any CPU.Build.0 = Release|Any CPU
		{18508620-D3FB-42B2-8591-74C6E4F9F70D}.Debug|Any CPU.ActiveCfg = Debug|Any CPU
		{18508620-D3FB-42B2-8591-74C6E4F9F70D}.Debug|Any CPU.Build.0 = Debug|Any CPU
		{18508620-D3FB-42B2-8591-74C6E4F9F70D}.Release|Any CPU.ActiveCfg = Release|Any CPU
		{18508620-D3FB-42B2-8591-74C6E4F9F70D}.Release|Any CPU.Build.0 = Release|Any CPU
	EndGlobalSection
	GlobalSection(SolutionProperties) = preSolution
		HideSolutionNode = FALSE
	EndGlobalSection
	GlobalSection(NestedProjects) = preSolution
		{5A14F88A-5E31-4EC6-BB38-554CD0720C18} = {B21AB5C1-B8AB-43D9-BF01-D13398E7701B}
		{F3C0C644-2C4F-4AA9-9FB9-5F6C479C49EE} = {B21AB5C1-B8AB-43D9-BF01-D13398E7701B}
		{BB585C7A-22A8-4607-80C3-51B2288F5CBC} = {B21AB5C1-B8AB-43D9-BF01-D13398E7701B}
		{550FCD89-A6E3-417B-BA54-D5901D115483} = {8A4A4C97-1EA1-4624-B861-97556363CD0A}
		{837AAFE1-9666-4105-8F74-C92091FE5BCD} = {8A4A4C97-1EA1-4624-B861-97556363CD0A}
		{E9E66185-1532-43F0-9E95-E41219043896} = {8A4A4C97-1EA1-4624-B861-97556363CD0A}
		{B91C9B95-B695-4306-8C7E-28EB42AAE705} = {289CDBB2-5316-4B1F-8669-97BE5FDA2172}
		{7432D7D8-D483-4397-9E13-1842179A3DC7} = {289CDBB2-5316-4B1F-8669-97BE5FDA2172}
		{4C60724D-6584-4C71-8080-27A29B0093A9} = {289CDBB2-5316-4B1F-8669-97BE5FDA2172}
		{4E7CD834-A636-4F0F-A0A9-C755C6EE05DB} = {B8ABE7EC-7066-4901-953E-188A9B21A5E0}
		{E27EC220-019E-41DA-BFAC-E765C622B7EA} = {B8ABE7EC-7066-4901-953E-188A9B21A5E0}
		{3EE10A1A-2066-46A4-99A7-9467AA6D096E} = {B8ABE7EC-7066-4901-953E-188A9B21A5E0}
		{5EB13EFA-3FB3-4304-8824-09EAECE0BC26} = {EE9E7DEA-6CB4-4DCE-B088-05F6F73FBD06}
		{D773D8F4-EF2B-4479-88C5-B97E5B8FD0C2} = {EE9E7DEA-6CB4-4DCE-B088-05F6F73FBD06}
		{9678D032-AE5A-42D2-A6E6-B63F0CA1860B} = {EE9E7DEA-6CB4-4DCE-B088-05F6F73FBD06}
		{B1F0065B-0440-4373-A6DF-B583E4CDD1EE} = {EE9E7DEA-6CB4-4DCE-B088-05F6F73FBD06}
		{57822C74-3217-4730-8099-3AD504AD8F07} = {2492C332-28F8-416E-8348-0772D8D28588}
		{5645AE18-A466-41B6-9098-1F6DCE2D14EE} = {2492C332-28F8-416E-8348-0772D8D28588}
		{2B52E79C-79E4-47C1-911C-E7E38A7F2AFB} = {2492C332-28F8-416E-8348-0772D8D28588}
		{BA8D121C-A073-4811-BCAC-0AA1D4DCBB57} = {F0387D6D-0FDD-448F-A662-C25BDB2B4E55}
		{B9E02C7C-621C-4F88-8BA3-56AB9815A6F3} = {B21AB5C1-B8AB-43D9-BF01-D13398E7701B}
		{F5579A2F-C531-474A-BF92-BE19DF473FDA} = {BA5611DF-00D4-4A59-9C77-376030AF75DC}
		{C276F961-4120-400F-AB19-14D7B376B461} = {BA5611DF-00D4-4A59-9C77-376030AF75DC}
		{68C97526-1D98-4037-89E6-81C3DEEC3894} = {BA5611DF-00D4-4A59-9C77-376030AF75DC}
		{DC421DA9-0154-4372-8E6A-995658C20885} = {2492C332-28F8-416E-8348-0772D8D28588}
		{493D1BE7-EF77-44F6-89FE-767F8D673A0F} = {190C95F0-0ACE-4EBA-B853-30B424FB516F}
		{C59FB50F-D2EE-4AD7-B054-B1A9A9623C9B} = {8A4A4C97-1EA1-4624-B861-97556363CD0A}
		{24DE89F9-FBA5-41E0-AC00-374386694E04} = {289CDBB2-5316-4B1F-8669-97BE5FDA2172}
		{18508620-D3FB-42B2-8591-74C6E4F9F70D} = {B8ABE7EC-7066-4901-953E-188A9B21A5E0}
	EndGlobalSection
	GlobalSection(ExtensibilityGlobals) = postSolution
		SolutionGuid = {69830F42-21F4-44F3-815F-DF5CEDAE592D}
	EndGlobalSection
EndGlobal
